// !$*UTF8*$!
{
	archiveVersion = 1;
	classes = {
	};
	objectVersion = 46;
	objects = {

/* Begin PBXBuildFile section */
		3BEEAA0BDC0C5FEDF6CDBE7F /* libPods.a in Frameworks */ = {isa = PBXBuildFile; fileRef = 6A34B6E8E2DF95DEED5805EE /* libPods.a */; };
		926155AD1AC1F34B003AA989 /* SocialFeedViewController.swift in Sources */ = {isa = PBXBuildFile; fileRef = 926155AC1AC1F34B003AA989 /* SocialFeedViewController.swift */; };
		92617CCE1AB74FBD00E86A83 /* EventsViewControllerTableViewController.swift in Sources */ = {isa = PBXBuildFile; fileRef = 92617CCD1AB74FBD00E86A83 /* EventsViewControllerTableViewController.swift */; };
		92617CD01AB7891100E86A83 /* EventDetailsViewController.swift in Sources */ = {isa = PBXBuildFile; fileRef = 92617CCF1AB7891100E86A83 /* EventDetailsViewController.swift */; };
		926B466D1AB7DB07004BEF80 /* Social.framework in Frameworks */ = {isa = PBXBuildFile; fileRef = 926B466C1AB7DB07004BEF80 /* Social.framework */; };
		926B466F1AB7DB0F004BEF80 /* Accounts.framework in Frameworks */ = {isa = PBXBuildFile; fileRef = 926B466E1AB7DB0F004BEF80 /* Accounts.framework */; };
		926B46711AB7DB77004BEF80 /* libstdc++.6.dylib in Frameworks */ = {isa = PBXBuildFile; fileRef = 926B46701AB7DB77004BEF80 /* libstdc++.6.dylib */; };
		926B467D1ABBAF49004BEF80 /* SigmaChiViewController.swift in Sources */ = {isa = PBXBuildFile; fileRef = 926B467C1ABBAF49004BEF80 /* SigmaChiViewController.swift */; };
		92910B981AC08D9900574DDA /* SVWebViewController.strings in Resources */ = {isa = PBXBuildFile; fileRef = 92910B791AC08D9900574DDA /* SVWebViewController.strings */; };
		92910B991AC08D9900574DDA /* SVModalWebViewController.m in Sources */ = {isa = PBXBuildFile; fileRef = 92910B831AC08D9900574DDA /* SVModalWebViewController.m */; };
		92910B9A1AC08D9900574DDA /* SVWebViewController.bundle in Resources */ = {isa = PBXBuildFile; fileRef = 92910B841AC08D9900574DDA /* SVWebViewController.bundle */; };
		92910B9B1AC08D9900574DDA /* SVWebViewController.m in Sources */ = {isa = PBXBuildFile; fileRef = 92910B861AC08D9900574DDA /* SVWebViewController.m */; };
		92910B9C1AC08D9900574DDA /* SVWebViewControllerActivityChrome-iPad.png in Resources */ = {isa = PBXBuildFile; fileRef = 92910B891AC08D9900574DDA /* SVWebViewControllerActivityChrome-iPad.png */; };
		92910B9D1AC08D9900574DDA /* SVWebViewControllerActivityChrome-iPad@2x.png in Resources */ = {isa = PBXBuildFile; fileRef = 92910B8A1AC08D9900574DDA /* SVWebViewControllerActivityChrome-iPad@2x.png */; };
		92910B9E1AC08D9900574DDA /* SVWebViewControllerActivityChrome.m in Sources */ = {isa = PBXBuildFile; fileRef = 92910B8C1AC08D9900574DDA /* SVWebViewControllerActivityChrome.m */; };
		92910B9F1AC08D9900574DDA /* SVWebViewControllerActivityChrome@2x.png in Resources */ = {isa = PBXBuildFile; fileRef = 92910B8D1AC08D9900574DDA /* SVWebViewControllerActivityChrome@2x.png */; };
		92910BA01AC08D9900574DDA /* SVWebViewControllerActivitySafari-iPad.png in Resources */ = {isa = PBXBuildFile; fileRef = 92910B8F1AC08D9900574DDA /* SVWebViewControllerActivitySafari-iPad.png */; };
		92910BA11AC08D9900574DDA /* SVWebViewControllerActivitySafari-iPad@2x.png in Resources */ = {isa = PBXBuildFile; fileRef = 92910B901AC08D9900574DDA /* SVWebViewControllerActivitySafari-iPad@2x.png */; };
		92910BA21AC08D9900574DDA /* SVWebViewControllerActivitySafari.m in Sources */ = {isa = PBXBuildFile; fileRef = 92910B921AC08D9900574DDA /* SVWebViewControllerActivitySafari.m */; };
		92910BA31AC08D9900574DDA /* SVWebViewControllerActivitySafari@2x.png in Resources */ = {isa = PBXBuildFile; fileRef = 92910B931AC08D9900574DDA /* SVWebViewControllerActivitySafari@2x.png */; };
		92910BA41AC08D9900574DDA /* SVWebViewControllerActivity.m in Sources */ = {isa = PBXBuildFile; fileRef = 92910B951AC08D9900574DDA /* SVWebViewControllerActivity.m */; };
		92DDA5181AB12C2200B9368C /* AppDelegate.swift in Sources */ = {isa = PBXBuildFile; fileRef = 92DDA5171AB12C2200B9368C /* AppDelegate.swift */; };
		92DDA51A1AB12C2200B9368C /* FirstViewController.swift in Sources */ = {isa = PBXBuildFile; fileRef = 92DDA5191AB12C2200B9368C /* FirstViewController.swift */; };
		92DDA51F1AB12C2200B9368C /* Main.storyboard in Resources */ = {isa = PBXBuildFile; fileRef = 92DDA51D1AB12C2200B9368C /* Main.storyboard */; };
		92DDA5211AB12C2200B9368C /* Images.xcassets in Resources */ = {isa = PBXBuildFile; fileRef = 92DDA5201AB12C2200B9368C /* Images.xcassets */; };
		92DDA5241AB12C2200B9368C /* LaunchScreen.xib in Resources */ = {isa = PBXBuildFile; fileRef = 92DDA5221AB12C2200B9368C /* LaunchScreen.xib */; };
		92DDA5301AB12C2200B9368C /* DerbyDaysAppTests.swift in Sources */ = {isa = PBXBuildFile; fileRef = 92DDA52F1AB12C2200B9368C /* DerbyDaysAppTests.swift */; };
		92DDA53A1AB12C5800B9368C /* AudioToolbox.framework in Frameworks */ = {isa = PBXBuildFile; fileRef = 92DDA5391AB12C5800B9368C /* AudioToolbox.framework */; };
		92DDA53C1AB12C6000B9368C /* Foundation.framework in Frameworks */ = {isa = PBXBuildFile; fileRef = 92DDA53B1AB12C6000B9368C /* Foundation.framework */; };
		92DDA53E1AB12C6700B9368C /* CoreGraphics.framework in Frameworks */ = {isa = PBXBuildFile; fileRef = 92DDA53D1AB12C6700B9368C /* CoreGraphics.framework */; };
		92DDA5401AB12C6D00B9368C /* CoreLocation.framework in Frameworks */ = {isa = PBXBuildFile; fileRef = 92DDA53F1AB12C6D00B9368C /* CoreLocation.framework */; };
		92DDA5421AB12C7600B9368C /* libz.dylib in Frameworks */ = {isa = PBXBuildFile; fileRef = 92DDA5411AB12C7600B9368C /* libz.dylib */; };
		92DDA5441AB12C7C00B9368C /* MobileCoreServices.framework in Frameworks */ = {isa = PBXBuildFile; fileRef = 92DDA5431AB12C7C00B9368C /* MobileCoreServices.framework */; };
		92DDA5461AB12C8300B9368C /* QuartzCore.framework in Frameworks */ = {isa = PBXBuildFile; fileRef = 92DDA5451AB12C8300B9368C /* QuartzCore.framework */; };
		92DDA5481AB12C8800B9368C /* Security.framework in Frameworks */ = {isa = PBXBuildFile; fileRef = 92DDA5471AB12C8800B9368C /* Security.framework */; };
		92DDA54A1AB12C8E00B9368C /* StoreKit.framework in Frameworks */ = {isa = PBXBuildFile; fileRef = 92DDA5491AB12C8E00B9368C /* StoreKit.framework */; };
		92DDA54C1AB12C9600B9368C /* SystemConfiguration.framework in Frameworks */ = {isa = PBXBuildFile; fileRef = 92DDA54B1AB12C9600B9368C /* SystemConfiguration.framework */; };
		92DDA55A1AB12D7E00B9368C /* bridgingheader.m in Sources */ = {isa = PBXBuildFile; fileRef = 92DDA5591AB12D7E00B9368C /* bridgingheader.m */; };
		92DDA55C1AB1318800B9368C /* libsqlite3.dylib in Frameworks */ = {isa = PBXBuildFile; fileRef = 92DDA55B1AB1318800B9368C /* libsqlite3.dylib */; };
		92DDA55E1AB1331400B9368C /* FacebookSDK.framework in Frameworks */ = {isa = PBXBuildFile; fileRef = 92DDA55D1AB1331400B9368C /* FacebookSDK.framework */; };
		92DDA5621AB1B87700B9368C /* LoginViewController.swift in Sources */ = {isa = PBXBuildFile; fileRef = 92DDA5611AB1B87700B9368C /* LoginViewController.swift */; };
		92DDA5711AB1C06400B9368C /* Bolts.framework in Frameworks */ = {isa = PBXBuildFile; fileRef = 92DDA56C1AB1C06400B9368C /* Bolts.framework */; };
		92DDA5721AB1C06400B9368C /* Parse.framework in Frameworks */ = {isa = PBXBuildFile; fileRef = 92DDA56D1AB1C06400B9368C /* Parse.framework */; };
		92DDA5731AB1C06400B9368C /* ParseCrashReporting.framework in Frameworks */ = {isa = PBXBuildFile; fileRef = 92DDA56E1AB1C06400B9368C /* ParseCrashReporting.framework */; };
		92DDA5741AB1C06400B9368C /* ParseFacebookUtils.framework in Frameworks */ = {isa = PBXBuildFile; fileRef = 92DDA56F1AB1C06400B9368C /* ParseFacebookUtils.framework */; };
		92DDA5751AB1C06400B9368C /* ParseUI.framework in Frameworks */ = {isa = PBXBuildFile; fileRef = 92DDA5701AB1C06400B9368C /* ParseUI.framework */; };
/* End PBXBuildFile section */

/* Begin PBXContainerItemProxy section */
		92DDA52A1AB12C2200B9368C /* PBXContainerItemProxy */ = {
			isa = PBXContainerItemProxy;
			containerPortal = 92DDA50A1AB12C2200B9368C /* Project object */;
			proxyType = 1;
			remoteGlobalIDString = 92DDA5111AB12C2200B9368C;
			remoteInfo = DerbyDaysApp;
		};
/* End PBXContainerItemProxy section */

/* Begin PBXFileReference section */
		0F2F792AC11E50E586E43C64 /* Pods.debug.xcconfig */ = {isa = PBXFileReference; includeInIndex = 1; lastKnownFileType = text.xcconfig; name = Pods.debug.xcconfig; path = "Pods/Target Support Files/Pods/Pods.debug.xcconfig"; sourceTree = "<group>"; };
		43025E1F86FF36B887E383F4 /* Pods.release.xcconfig */ = {isa = PBXFileReference; includeInIndex = 1; lastKnownFileType = text.xcconfig; name = Pods.release.xcconfig; path = "Pods/Target Support Files/Pods/Pods.release.xcconfig"; sourceTree = "<group>"; };
		6A34B6E8E2DF95DEED5805EE /* libPods.a */ = {isa = PBXFileReference; explicitFileType = archive.ar; includeInIndex = 0; path = libPods.a; sourceTree = BUILT_PRODUCTS_DIR; };
		926155AC1AC1F34B003AA989 /* SocialFeedViewController.swift */ = {isa = PBXFileReference; fileEncoding = 4; lastKnownFileType = sourcecode.swift; path = SocialFeedViewController.swift; sourceTree = "<group>"; };
		92617CCD1AB74FBD00E86A83 /* EventsViewControllerTableViewController.swift */ = {isa = PBXFileReference; fileEncoding = 4; lastKnownFileType = sourcecode.swift; name = EventsViewControllerTableViewController.swift; path = ../EventsViewControllerTableViewController.swift; sourceTree = "<group>"; };
		92617CCF1AB7891100E86A83 /* EventDetailsViewController.swift */ = {isa = PBXFileReference; fileEncoding = 4; lastKnownFileType = sourcecode.swift; path = EventDetailsViewController.swift; sourceTree = "<group>"; };
		926B466C1AB7DB07004BEF80 /* Social.framework */ = {isa = PBXFileReference; lastKnownFileType = wrapper.framework; name = Social.framework; path = System/Library/Frameworks/Social.framework; sourceTree = SDKROOT; };
		926B466E1AB7DB0F004BEF80 /* Accounts.framework */ = {isa = PBXFileReference; lastKnownFileType = wrapper.framework; name = Accounts.framework; path = System/Library/Frameworks/Accounts.framework; sourceTree = SDKROOT; };
		926B46701AB7DB77004BEF80 /* libstdc++.6.dylib */ = {isa = PBXFileReference; lastKnownFileType = "compiled.mach-o.dylib"; name = "libstdc++.6.dylib"; path = "usr/lib/libstdc++.6.dylib"; sourceTree = SDKROOT; };
		926B467C1ABBAF49004BEF80 /* SigmaChiViewController.swift */ = {isa = PBXFileReference; fileEncoding = 4; lastKnownFileType = sourcecode.swift; path = SigmaChiViewController.swift; sourceTree = "<group>"; };
		92910B7A1AC08D9900574DDA /* da */ = {isa = PBXFileReference; lastKnownFileType = text.plist.strings; name = da; path = da.lproj/SVWebViewController.strings; sourceTree = "<group>"; };
		92910B7B1AC08D9900574DDA /* de */ = {isa = PBXFileReference; lastKnownFileType = text.plist.strings; name = de; path = de.lproj/SVWebViewController.strings; sourceTree = "<group>"; };
		92910B7C1AC08D9900574DDA /* en */ = {isa = PBXFileReference; lastKnownFileType = text.plist.strings; name = en; path = en.lproj/SVWebViewController.strings; sourceTree = "<group>"; };
		92910B7D1AC08D9900574DDA /* es-ES */ = {isa = PBXFileReference; lastKnownFileType = text.plist.strings; name = "es-ES"; path = "es-ES.lproj/SVWebViewController.strings"; sourceTree = "<group>"; };
		92910B7E1AC08D9900574DDA /* es */ = {isa = PBXFileReference; lastKnownFileType = text.plist.strings; name = es; path = es.lproj/SVWebViewController.strings; sourceTree = "<group>"; };
		92910B7F1AC08D9900574DDA /* fr */ = {isa = PBXFileReference; lastKnownFileType = text.plist.strings; name = fr; path = fr.lproj/SVWebViewController.strings; sourceTree = "<group>"; };
		92910B801AC08D9900574DDA /* ja */ = {isa = PBXFileReference; lastKnownFileType = text.plist.strings; name = ja; path = ja.lproj/SVWebViewController.strings; sourceTree = "<group>"; };
		92910B811AC08D9900574DDA /* pt */ = {isa = PBXFileReference; lastKnownFileType = text.plist.strings; name = pt; path = pt.lproj/SVWebViewController.strings; sourceTree = "<group>"; };
		92910B821AC08D9900574DDA /* SVModalWebViewController.h */ = {isa = PBXFileReference; fileEncoding = 4; lastKnownFileType = sourcecode.c.h; path = SVModalWebViewController.h; sourceTree = "<group>"; };
		92910B831AC08D9900574DDA /* SVModalWebViewController.m */ = {isa = PBXFileReference; fileEncoding = 4; lastKnownFileType = sourcecode.c.objc; path = SVModalWebViewController.m; sourceTree = "<group>"; };
		92910B841AC08D9900574DDA /* SVWebViewController.bundle */ = {isa = PBXFileReference; lastKnownFileType = "wrapper.plug-in"; path = SVWebViewController.bundle; sourceTree = "<group>"; };
		92910B851AC08D9900574DDA /* SVWebViewController.h */ = {isa = PBXFileReference; fileEncoding = 4; lastKnownFileType = sourcecode.c.h; path = SVWebViewController.h; sourceTree = "<group>"; };
		92910B861AC08D9900574DDA /* SVWebViewController.m */ = {isa = PBXFileReference; fileEncoding = 4; lastKnownFileType = sourcecode.c.objc; path = SVWebViewController.m; sourceTree = "<group>"; };
		92910B891AC08D9900574DDA /* SVWebViewControllerActivityChrome-iPad.png */ = {isa = PBXFileReference; lastKnownFileType = image.png; path = "SVWebViewControllerActivityChrome-iPad.png"; sourceTree = "<group>"; };
		92910B8A1AC08D9900574DDA /* SVWebViewControllerActivityChrome-iPad@2x.png */ = {isa = PBXFileReference; lastKnownFileType = image.png; path = "SVWebViewControllerActivityChrome-iPad@2x.png"; sourceTree = "<group>"; };
		92910B8B1AC08D9900574DDA /* SVWebViewControllerActivityChrome.h */ = {isa = PBXFileReference; fileEncoding = 4; lastKnownFileType = sourcecode.c.h; path = SVWebViewControllerActivityChrome.h; sourceTree = "<group>"; };
		92910B8C1AC08D9900574DDA /* SVWebViewControllerActivityChrome.m */ = {isa = PBXFileReference; fileEncoding = 4; lastKnownFileType = sourcecode.c.objc; path = SVWebViewControllerActivityChrome.m; sourceTree = "<group>"; };
		92910B8D1AC08D9900574DDA /* SVWebViewControllerActivityChrome@2x.png */ = {isa = PBXFileReference; lastKnownFileType = image.png; path = "SVWebViewControllerActivityChrome@2x.png"; sourceTree = "<group>"; };
		92910B8F1AC08D9900574DDA /* SVWebViewControllerActivitySafari-iPad.png */ = {isa = PBXFileReference; lastKnownFileType = image.png; path = "SVWebViewControllerActivitySafari-iPad.png"; sourceTree = "<group>"; };
		92910B901AC08D9900574DDA /* SVWebViewControllerActivitySafari-iPad@2x.png */ = {isa = PBXFileReference; lastKnownFileType = image.png; path = "SVWebViewControllerActivitySafari-iPad@2x.png"; sourceTree = "<group>"; };
		92910B911AC08D9900574DDA /* SVWebViewControllerActivitySafari.h */ = {isa = PBXFileReference; fileEncoding = 4; lastKnownFileType = sourcecode.c.h; path = SVWebViewControllerActivitySafari.h; sourceTree = "<group>"; };
		92910B921AC08D9900574DDA /* SVWebViewControllerActivitySafari.m */ = {isa = PBXFileReference; fileEncoding = 4; lastKnownFileType = sourcecode.c.objc; path = SVWebViewControllerActivitySafari.m; sourceTree = "<group>"; };
		92910B931AC08D9900574DDA /* SVWebViewControllerActivitySafari@2x.png */ = {isa = PBXFileReference; lastKnownFileType = image.png; path = "SVWebViewControllerActivitySafari@2x.png"; sourceTree = "<group>"; };
		92910B941AC08D9900574DDA /* SVWebViewControllerActivity.h */ = {isa = PBXFileReference; fileEncoding = 4; lastKnownFileType = sourcecode.c.h; path = SVWebViewControllerActivity.h; sourceTree = "<group>"; };
		92910B951AC08D9900574DDA /* SVWebViewControllerActivity.m */ = {isa = PBXFileReference; fileEncoding = 4; lastKnownFileType = sourcecode.c.objc; path = SVWebViewControllerActivity.m; sourceTree = "<group>"; };
		92910B961AC08D9900574DDA /* zh-Hans */ = {isa = PBXFileReference; lastKnownFileType = text.plist.strings; name = "zh-Hans"; path = "zh-Hans.lproj/SVWebViewController.strings"; sourceTree = "<group>"; };
		92910B971AC08D9900574DDA /* zh-Hant */ = {isa = PBXFileReference; lastKnownFileType = text.plist.strings; name = "zh-Hant"; path = "zh-Hant.lproj/SVWebViewController.strings"; sourceTree = "<group>"; };
		92DDA5121AB12C2200B9368C /* DerbyDaysApp.app */ = {isa = PBXFileReference; explicitFileType = wrapper.application; includeInIndex = 0; path = DerbyDaysApp.app; sourceTree = BUILT_PRODUCTS_DIR; };
		92DDA5161AB12C2200B9368C /* Info.plist */ = {isa = PBXFileReference; lastKnownFileType = text.plist.xml; path = Info.plist; sourceTree = "<group>"; };
		92DDA5171AB12C2200B9368C /* AppDelegate.swift */ = {isa = PBXFileReference; lastKnownFileType = sourcecode.swift; path = AppDelegate.swift; sourceTree = "<group>"; };
		92DDA5191AB12C2200B9368C /* FirstViewController.swift */ = {isa = PBXFileReference; lastKnownFileType = sourcecode.swift; path = FirstViewController.swift; sourceTree = "<group>"; };
		92DDA51E1AB12C2200B9368C /* Base */ = {isa = PBXFileReference; lastKnownFileType = file.storyboard; name = Base; path = Base.lproj/Main.storyboard; sourceTree = "<group>"; };
		92DDA5201AB12C2200B9368C /* Images.xcassets */ = {isa = PBXFileReference; lastKnownFileType = folder.assetcatalog; path = Images.xcassets; sourceTree = "<group>"; };
		92DDA5231AB12C2200B9368C /* Base */ = {isa = PBXFileReference; lastKnownFileType = file.xib; name = Base; path = Base.lproj/LaunchScreen.xib; sourceTree = "<group>"; };
		92DDA5291AB12C2200B9368C /* DerbyDaysAppTests.xctest */ = {isa = PBXFileReference; explicitFileType = wrapper.cfbundle; includeInIndex = 0; path = DerbyDaysAppTests.xctest; sourceTree = BUILT_PRODUCTS_DIR; };
		92DDA52E1AB12C2200B9368C /* Info.plist */ = {isa = PBXFileReference; lastKnownFileType = text.plist.xml; path = Info.plist; sourceTree = "<group>"; };
		92DDA52F1AB12C2200B9368C /* DerbyDaysAppTests.swift */ = {isa = PBXFileReference; lastKnownFileType = sourcecode.swift; path = DerbyDaysAppTests.swift; sourceTree = "<group>"; };
		92DDA5391AB12C5800B9368C /* AudioToolbox.framework */ = {isa = PBXFileReference; lastKnownFileType = wrapper.framework; name = AudioToolbox.framework; path = System/Library/Frameworks/AudioToolbox.framework; sourceTree = SDKROOT; };
		92DDA53B1AB12C6000B9368C /* Foundation.framework */ = {isa = PBXFileReference; lastKnownFileType = wrapper.framework; name = Foundation.framework; path = System/Library/Frameworks/Foundation.framework; sourceTree = SDKROOT; };
		92DDA53D1AB12C6700B9368C /* CoreGraphics.framework */ = {isa = PBXFileReference; lastKnownFileType = wrapper.framework; name = CoreGraphics.framework; path = System/Library/Frameworks/CoreGraphics.framework; sourceTree = SDKROOT; };
		92DDA53F1AB12C6D00B9368C /* CoreLocation.framework */ = {isa = PBXFileReference; lastKnownFileType = wrapper.framework; name = CoreLocation.framework; path = System/Library/Frameworks/CoreLocation.framework; sourceTree = SDKROOT; };
		92DDA5411AB12C7600B9368C /* libz.dylib */ = {isa = PBXFileReference; lastKnownFileType = "compiled.mach-o.dylib"; name = libz.dylib; path = usr/lib/libz.dylib; sourceTree = SDKROOT; };
		92DDA5431AB12C7C00B9368C /* MobileCoreServices.framework */ = {isa = PBXFileReference; lastKnownFileType = wrapper.framework; name = MobileCoreServices.framework; path = System/Library/Frameworks/MobileCoreServices.framework; sourceTree = SDKROOT; };
		92DDA5451AB12C8300B9368C /* QuartzCore.framework */ = {isa = PBXFileReference; lastKnownFileType = wrapper.framework; name = QuartzCore.framework; path = System/Library/Frameworks/QuartzCore.framework; sourceTree = SDKROOT; };
		92DDA5471AB12C8800B9368C /* Security.framework */ = {isa = PBXFileReference; lastKnownFileType = wrapper.framework; name = Security.framework; path = System/Library/Frameworks/Security.framework; sourceTree = SDKROOT; };
		92DDA5491AB12C8E00B9368C /* StoreKit.framework */ = {isa = PBXFileReference; lastKnownFileType = wrapper.framework; name = StoreKit.framework; path = System/Library/Frameworks/StoreKit.framework; sourceTree = SDKROOT; };
		92DDA54B1AB12C9600B9368C /* SystemConfiguration.framework */ = {isa = PBXFileReference; lastKnownFileType = wrapper.framework; name = SystemConfiguration.framework; path = System/Library/Frameworks/SystemConfiguration.framework; sourceTree = SDKROOT; };
		92DDA5581AB12D7E00B9368C /* DerbyDaysApp-Bridging-Header.h */ = {isa = PBXFileReference; lastKnownFileType = sourcecode.c.h; path = "DerbyDaysApp-Bridging-Header.h"; sourceTree = SOURCE_ROOT; };
		92DDA5591AB12D7E00B9368C /* bridgingheader.m */ = {isa = PBXFileReference; fileEncoding = 4; lastKnownFileType = sourcecode.c.objc; name = bridgingheader.m; path = ../bridgingheader.m; sourceTree = "<group>"; };
		92DDA55B1AB1318800B9368C /* libsqlite3.dylib */ = {isa = PBXFileReference; lastKnownFileType = "compiled.mach-o.dylib"; name = libsqlite3.dylib; path = usr/lib/libsqlite3.dylib; sourceTree = SDKROOT; };
		92DDA55D1AB1331400B9368C /* FacebookSDK.framework */ = {isa = PBXFileReference; lastKnownFileType = wrapper.framework; name = FacebookSDK.framework; path = ../../Documents/FacebookSDK/FacebookSDK.framework; sourceTree = "<group>"; };
		92DDA5611AB1B87700B9368C /* LoginViewController.swift */ = {isa = PBXFileReference; fileEncoding = 4; lastKnownFileType = sourcecode.swift; name = LoginViewController.swift; path = ../LoginViewController.swift; sourceTree = "<group>"; };
		92DDA56C1AB1C06400B9368C /* Bolts.framework */ = {isa = PBXFileReference; lastKnownFileType = wrapper.framework; path = Bolts.framework; sourceTree = "<group>"; };
		92DDA56D1AB1C06400B9368C /* Parse.framework */ = {isa = PBXFileReference; lastKnownFileType = wrapper.framework; path = Parse.framework; sourceTree = "<group>"; };
		92DDA56E1AB1C06400B9368C /* ParseCrashReporting.framework */ = {isa = PBXFileReference; lastKnownFileType = wrapper.framework; path = ParseCrashReporting.framework; sourceTree = "<group>"; };
		92DDA56F1AB1C06400B9368C /* ParseFacebookUtils.framework */ = {isa = PBXFileReference; lastKnownFileType = wrapper.framework; path = ParseFacebookUtils.framework; sourceTree = "<group>"; };
		92DDA5701AB1C06400B9368C /* ParseUI.framework */ = {isa = PBXFileReference; lastKnownFileType = wrapper.framework; path = ParseUI.framework; sourceTree = "<group>"; };
/* End PBXFileReference section */

/* Begin PBXFrameworksBuildPhase section */
		92DDA50F1AB12C2200B9368C /* Frameworks */ = {
			isa = PBXFrameworksBuildPhase;
			buildActionMask = 2147483647;
			files = (
				926B46711AB7DB77004BEF80 /* libstdc++.6.dylib in Frameworks */,
				926B466F1AB7DB0F004BEF80 /* Accounts.framework in Frameworks */,
				926B466D1AB7DB07004BEF80 /* Social.framework in Frameworks */,
				92DDA55C1AB1318800B9368C /* libsqlite3.dylib in Frameworks */,
				92DDA5731AB1C06400B9368C /* ParseCrashReporting.framework in Frameworks */,
				92DDA54C1AB12C9600B9368C /* SystemConfiguration.framework in Frameworks */,
				92DDA54A1AB12C8E00B9368C /* StoreKit.framework in Frameworks */,
				92DDA5481AB12C8800B9368C /* Security.framework in Frameworks */,
				92DDA5461AB12C8300B9368C /* QuartzCore.framework in Frameworks */,
				92DDA5441AB12C7C00B9368C /* MobileCoreServices.framework in Frameworks */,
				92DDA5421AB12C7600B9368C /* libz.dylib in Frameworks */,
				92DDA5711AB1C06400B9368C /* Bolts.framework in Frameworks */,
				92DDA5751AB1C06400B9368C /* ParseUI.framework in Frameworks */,
				92DDA55E1AB1331400B9368C /* FacebookSDK.framework in Frameworks */,
				92DDA5401AB12C6D00B9368C /* CoreLocation.framework in Frameworks */,
				92DDA5721AB1C06400B9368C /* Parse.framework in Frameworks */,
				92DDA53E1AB12C6700B9368C /* CoreGraphics.framework in Frameworks */,
				92DDA53C1AB12C6000B9368C /* Foundation.framework in Frameworks */,
				92DDA5741AB1C06400B9368C /* ParseFacebookUtils.framework in Frameworks */,
				92DDA53A1AB12C5800B9368C /* AudioToolbox.framework in Frameworks */,
				3BEEAA0BDC0C5FEDF6CDBE7F /* libPods.a in Frameworks */,
			);
			runOnlyForDeploymentPostprocessing = 0;
		};
		92DDA5261AB12C2200B9368C /* Frameworks */ = {
			isa = PBXFrameworksBuildPhase;
			buildActionMask = 2147483647;
			files = (
			);
			runOnlyForDeploymentPostprocessing = 0;
		};
/* End PBXFrameworksBuildPhase section */

/* Begin PBXGroup section */
		92910B781AC08D9900574DDA /* SVWebViewController */ = {
			isa = PBXGroup;
			children = (
				92910B791AC08D9900574DDA /* SVWebViewController.strings */,
				92910B821AC08D9900574DDA /* SVModalWebViewController.h */,
				92910B831AC08D9900574DDA /* SVModalWebViewController.m */,
				92910B841AC08D9900574DDA /* SVWebViewController.bundle */,
				92910B851AC08D9900574DDA /* SVWebViewController.h */,
				92910B861AC08D9900574DDA /* SVWebViewController.m */,
				92910B871AC08D9900574DDA /* UIActivities */,
			);
			path = SVWebViewController;
			sourceTree = "<group>";
		};
		92910B871AC08D9900574DDA /* UIActivities */ = {
			isa = PBXGroup;
			children = (
				92910B881AC08D9900574DDA /* Chrome */,
				92910B8E1AC08D9900574DDA /* Safari */,
				92910B941AC08D9900574DDA /* SVWebViewControllerActivity.h */,
				92910B951AC08D9900574DDA /* SVWebViewControllerActivity.m */,
			);
			path = UIActivities;
			sourceTree = "<group>";
		};
		92910B881AC08D9900574DDA /* Chrome */ = {
			isa = PBXGroup;
			children = (
				92910B891AC08D9900574DDA /* SVWebViewControllerActivityChrome-iPad.png */,
				92910B8A1AC08D9900574DDA /* SVWebViewControllerActivityChrome-iPad@2x.png */,
				92910B8B1AC08D9900574DDA /* SVWebViewControllerActivityChrome.h */,
				92910B8C1AC08D9900574DDA /* SVWebViewControllerActivityChrome.m */,
				92910B8D1AC08D9900574DDA /* SVWebViewControllerActivityChrome@2x.png */,
			);
			path = Chrome;
			sourceTree = "<group>";
		};
		92910B8E1AC08D9900574DDA /* Safari */ = {
			isa = PBXGroup;
			children = (
				92910B8F1AC08D9900574DDA /* SVWebViewControllerActivitySafari-iPad.png */,
				92910B901AC08D9900574DDA /* SVWebViewControllerActivitySafari-iPad@2x.png */,
				92910B911AC08D9900574DDA /* SVWebViewControllerActivitySafari.h */,
				92910B921AC08D9900574DDA /* SVWebViewControllerActivitySafari.m */,
				92910B931AC08D9900574DDA /* SVWebViewControllerActivitySafari@2x.png */,
			);
			path = Safari;
			sourceTree = "<group>";
		};
		92DDA5091AB12C2200B9368C = {
			isa = PBXGroup;
			children = (
				92910B781AC08D9900574DDA /* SVWebViewController */,
				92DDA56B1AB1C06400B9368C /* parse-library-1.6.3 */,
				92DDA55D1AB1331400B9368C /* FacebookSDK.framework */,
				92DDA55B1AB1318800B9368C /* libsqlite3.dylib */,
				92DDA54B1AB12C9600B9368C /* SystemConfiguration.framework */,
				92DDA5491AB12C8E00B9368C /* StoreKit.framework */,
				92DDA5471AB12C8800B9368C /* Security.framework */,
				92DDA5451AB12C8300B9368C /* QuartzCore.framework */,
				92DDA5431AB12C7C00B9368C /* MobileCoreServices.framework */,
				92DDA5411AB12C7600B9368C /* libz.dylib */,
				92DDA53F1AB12C6D00B9368C /* CoreLocation.framework */,
				92DDA53D1AB12C6700B9368C /* CoreGraphics.framework */,
				92DDA53B1AB12C6000B9368C /* Foundation.framework */,
				92DDA5391AB12C5800B9368C /* AudioToolbox.framework */,
				92DDA5141AB12C2200B9368C /* DerbyDaysApp */,
				92DDA52C1AB12C2200B9368C /* DerbyDaysAppTests */,
				92DDA5131AB12C2200B9368C /* Products */,
				EA9307A76B1B461E4153999A /* Pods */,
				DBFE4FB36EAD9C2F9085CD69 /* Frameworks */,
			);
			sourceTree = "<group>";
		};
		92DDA5131AB12C2200B9368C /* Products */ = {
			isa = PBXGroup;
			children = (
				92DDA5121AB12C2200B9368C /* DerbyDaysApp.app */,
				92DDA5291AB12C2200B9368C /* DerbyDaysAppTests.xctest */,
			);
			name = Products;
			sourceTree = "<group>";
		};
		92DDA5141AB12C2200B9368C /* DerbyDaysApp */ = {
			isa = PBXGroup;
			children = (
				92DDA5591AB12D7E00B9368C /* bridgingheader.m */,
				92DDA5581AB12D7E00B9368C /* DerbyDaysApp-Bridging-Header.h */,
				92DDA5171AB12C2200B9368C /* AppDelegate.swift */,
				92617CCD1AB74FBD00E86A83 /* EventsViewControllerTableViewController.swift */,
				92DDA5611AB1B87700B9368C /* LoginViewController.swift */,
				92DDA5191AB12C2200B9368C /* FirstViewController.swift */,
				926B467C1ABBAF49004BEF80 /* SigmaChiViewController.swift */,
				92617CCF1AB7891100E86A83 /* EventDetailsViewController.swift */,
				926155AC1AC1F34B003AA989 /* SocialFeedViewController.swift */,
				92DDA5201AB12C2200B9368C /* Images.xcassets */,
				92DDA51D1AB12C2200B9368C /* Main.storyboard */,
				92DDA5221AB12C2200B9368C /* LaunchScreen.xib */,
				92DDA5151AB12C2200B9368C /* Supporting Files */,
			);
			path = DerbyDaysApp;
			sourceTree = "<group>";
		};
		92DDA5151AB12C2200B9368C /* Supporting Files */ = {
			isa = PBXGroup;
			children = (
				92DDA5161AB12C2200B9368C /* Info.plist */,
			);
			name = "Supporting Files";
			sourceTree = "<group>";
		};
		92DDA52C1AB12C2200B9368C /* DerbyDaysAppTests */ = {
			isa = PBXGroup;
			children = (
				92DDA52F1AB12C2200B9368C /* DerbyDaysAppTests.swift */,
				92DDA52D1AB12C2200B9368C /* Supporting Files */,
			);
			path = DerbyDaysAppTests;
			sourceTree = "<group>";
		};
		92DDA52D1AB12C2200B9368C /* Supporting Files */ = {
			isa = PBXGroup;
			children = (
				92DDA52E1AB12C2200B9368C /* Info.plist */,
			);
			name = "Supporting Files";
			sourceTree = "<group>";
		};
		92DDA56B1AB1C06400B9368C /* parse-library-1.6.3 */ = {
			isa = PBXGroup;
			children = (
				92DDA56C1AB1C06400B9368C /* Bolts.framework */,
				92DDA56D1AB1C06400B9368C /* Parse.framework */,
				92DDA56E1AB1C06400B9368C /* ParseCrashReporting.framework */,
				92DDA56F1AB1C06400B9368C /* ParseFacebookUtils.framework */,
				92DDA5701AB1C06400B9368C /* ParseUI.framework */,
			);
			path = "parse-library-1.6.3";
			sourceTree = "<group>";
		};
		DBFE4FB36EAD9C2F9085CD69 /* Frameworks */ = {
			isa = PBXGroup;
			children = (
				926B46701AB7DB77004BEF80 /* libstdc++.6.dylib */,
				926B466E1AB7DB0F004BEF80 /* Accounts.framework */,
				926B466C1AB7DB07004BEF80 /* Social.framework */,
				6A34B6E8E2DF95DEED5805EE /* libPods.a */,
			);
			name = Frameworks;
			sourceTree = "<group>";
		};
		EA9307A76B1B461E4153999A /* Pods */ = {
			isa = PBXGroup;
			children = (
				0F2F792AC11E50E586E43C64 /* Pods.debug.xcconfig */,
				43025E1F86FF36B887E383F4 /* Pods.release.xcconfig */,
			);
			name = Pods;
			sourceTree = "<group>";
		};
/* End PBXGroup section */

/* Begin PBXNativeTarget section */
		92DDA5111AB12C2200B9368C /* DerbyDaysApp */ = {
			isa = PBXNativeTarget;
			buildConfigurationList = 92DDA5331AB12C2200B9368C /* Build configuration list for PBXNativeTarget "DerbyDaysApp" */;
			buildPhases = (
				0A21FBA1E76A3D57005528FE /* Check Pods Manifest.lock */,
				92DDA50E1AB12C2200B9368C /* Sources */,
				92DDA50F1AB12C2200B9368C /* Frameworks */,
				92DDA5101AB12C2200B9368C /* Resources */,
				A6EA2CB8A0ECA2D6161F02DE /* Copy Pods Resources */,
			);
			buildRules = (
			);
			dependencies = (
			);
			name = DerbyDaysApp;
			productName = DerbyDaysApp;
			productReference = 92DDA5121AB12C2200B9368C /* DerbyDaysApp.app */;
			productType = "com.apple.product-type.application";
		};
		92DDA5281AB12C2200B9368C /* DerbyDaysAppTests */ = {
			isa = PBXNativeTarget;
			buildConfigurationList = 92DDA5361AB12C2200B9368C /* Build configuration list for PBXNativeTarget "DerbyDaysAppTests" */;
			buildPhases = (
				92DDA5251AB12C2200B9368C /* Sources */,
				92DDA5261AB12C2200B9368C /* Frameworks */,
				92DDA5271AB12C2200B9368C /* Resources */,
			);
			buildRules = (
			);
			dependencies = (
				92DDA52B1AB12C2200B9368C /* PBXTargetDependency */,
			);
			name = DerbyDaysAppTests;
			productName = DerbyDaysAppTests;
			productReference = 92DDA5291AB12C2200B9368C /* DerbyDaysAppTests.xctest */;
			productType = "com.apple.product-type.bundle.unit-test";
		};
/* End PBXNativeTarget section */

/* Begin PBXProject section */
		92DDA50A1AB12C2200B9368C /* Project object */ = {
			isa = PBXProject;
			attributes = {
				LastUpgradeCheck = 0610;
				ORGANIZATIONNAME = sickles.ryan;
				TargetAttributes = {
					92DDA5111AB12C2200B9368C = {
						CreatedOnToolsVersion = 6.1.1;
					};
					92DDA5281AB12C2200B9368C = {
						CreatedOnToolsVersion = 6.1.1;
						TestTargetID = 92DDA5111AB12C2200B9368C;
					};
				};
			};
			buildConfigurationList = 92DDA50D1AB12C2200B9368C /* Build configuration list for PBXProject "DerbyDaysApp" */;
			compatibilityVersion = "Xcode 3.2";
			developmentRegion = English;
			hasScannedForEncodings = 0;
			knownRegions = (
				en,
				Base,
				da,
				de,
				"es-ES",
				es,
				fr,
				ja,
				pt,
				"zh-Hans",
				"zh-Hant",
			);
			mainGroup = 92DDA5091AB12C2200B9368C;
			productRefGroup = 92DDA5131AB12C2200B9368C /* Products */;
			projectDirPath = "";
			projectRoot = "";
			targets = (
				92DDA5111AB12C2200B9368C /* DerbyDaysApp */,
				92DDA5281AB12C2200B9368C /* DerbyDaysAppTests */,
			);
		};
/* End PBXProject section */

/* Begin PBXResourcesBuildPhase section */
		92DDA5101AB12C2200B9368C /* Resources */ = {
			isa = PBXResourcesBuildPhase;
			buildActionMask = 2147483647;
			files = (
				92DDA51F1AB12C2200B9368C /* Main.storyboard in Resources */,
				92910B981AC08D9900574DDA /* SVWebViewController.strings in Resources */,
				92DDA5241AB12C2200B9368C /* LaunchScreen.xib in Resources */,
				92910B9C1AC08D9900574DDA /* SVWebViewControllerActivityChrome-iPad.png in Resources */,
				92910BA11AC08D9900574DDA /* SVWebViewControllerActivitySafari-iPad@2x.png in Resources */,
				92910BA31AC08D9900574DDA /* SVWebViewControllerActivitySafari@2x.png in Resources */,
				92910B9D1AC08D9900574DDA /* SVWebViewControllerActivityChrome-iPad@2x.png in Resources */,
				92910B9A1AC08D9900574DDA /* SVWebViewController.bundle in Resources */,
				92910B9F1AC08D9900574DDA /* SVWebViewControllerActivityChrome@2x.png in Resources */,
				92DDA5211AB12C2200B9368C /* Images.xcassets in Resources */,
				92910BA01AC08D9900574DDA /* SVWebViewControllerActivitySafari-iPad.png in Resources */,
			);
			runOnlyForDeploymentPostprocessing = 0;
		};
		92DDA5271AB12C2200B9368C /* Resources */ = {
			isa = PBXResourcesBuildPhase;
			buildActionMask = 2147483647;
			files = (
			);
			runOnlyForDeploymentPostprocessing = 0;
		};
/* End PBXResourcesBuildPhase section */

/* Begin PBXShellScriptBuildPhase section */
		0A21FBA1E76A3D57005528FE /* Check Pods Manifest.lock */ = {
			isa = PBXShellScriptBuildPhase;
			buildActionMask = 2147483647;
			files = (
			);
			inputPaths = (
			);
			name = "Check Pods Manifest.lock";
			outputPaths = (
			);
			runOnlyForDeploymentPostprocessing = 0;
			shellPath = /bin/sh;
			shellScript = "diff \"${PODS_ROOT}/../Podfile.lock\" \"${PODS_ROOT}/Manifest.lock\" > /dev/null\nif [[ $? != 0 ]] ; then\n    cat << EOM\nerror: The sandbox is not in sync with the Podfile.lock. Run 'pod install' or update your CocoaPods installation.\nEOM\n    exit 1\nfi\n";
			showEnvVarsInLog = 0;
		};
		A6EA2CB8A0ECA2D6161F02DE /* Copy Pods Resources */ = {
			isa = PBXShellScriptBuildPhase;
			buildActionMask = 2147483647;
			files = (
			);
			inputPaths = (
			);
			name = "Copy Pods Resources";
			outputPaths = (
			);
			runOnlyForDeploymentPostprocessing = 0;
			shellPath = /bin/sh;
			shellScript = "\"${SRCROOT}/Pods/Target Support Files/Pods/Pods-resources.sh\"\n";
			showEnvVarsInLog = 0;
		};
/* End PBXShellScriptBuildPhase section */

/* Begin PBXSourcesBuildPhase section */
		92DDA50E1AB12C2200B9368C /* Sources */ = {
			isa = PBXSourcesBuildPhase;
			buildActionMask = 2147483647;
			files = (
				92617CD01AB7891100E86A83 /* EventDetailsViewController.swift in Sources */,
				92DDA5181AB12C2200B9368C /* AppDelegate.swift in Sources */,
				92DDA55A1AB12D7E00B9368C /* bridgingheader.m in Sources */,
				92910B991AC08D9900574DDA /* SVModalWebViewController.m in Sources */,
				92910BA21AC08D9900574DDA /* SVWebViewControllerActivitySafari.m in Sources */,
				92617CCE1AB74FBD00E86A83 /* EventsViewControllerTableViewController.swift in Sources */,
				926155AD1AC1F34B003AA989 /* SocialFeedViewController.swift in Sources */,
				926B467D1ABBAF49004BEF80 /* SigmaChiViewController.swift in Sources */,
				92DDA5621AB1B87700B9368C /* LoginViewController.swift in Sources */,
				92DDA51A1AB12C2200B9368C /* FirstViewController.swift in Sources */,
				92910BA41AC08D9900574DDA /* SVWebViewControllerActivity.m in Sources */,
				92910B9B1AC08D9900574DDA /* SVWebViewController.m in Sources */,
				92910B9E1AC08D9900574DDA /* SVWebViewControllerActivityChrome.m in Sources */,
			);
			runOnlyForDeploymentPostprocessing = 0;
		};
		92DDA5251AB12C2200B9368C /* Sources */ = {
			isa = PBXSourcesBuildPhase;
			buildActionMask = 2147483647;
			files = (
				92DDA5301AB12C2200B9368C /* DerbyDaysAppTests.swift in Sources */,
			);
			runOnlyForDeploymentPostprocessing = 0;
		};
/* End PBXSourcesBuildPhase section */

/* Begin PBXTargetDependency section */
		92DDA52B1AB12C2200B9368C /* PBXTargetDependency */ = {
			isa = PBXTargetDependency;
			target = 92DDA5111AB12C2200B9368C /* DerbyDaysApp */;
			targetProxy = 92DDA52A1AB12C2200B9368C /* PBXContainerItemProxy */;
		};
/* End PBXTargetDependency section */

/* Begin PBXVariantGroup section */
		92910B791AC08D9900574DDA /* SVWebViewController.strings */ = {
			isa = PBXVariantGroup;
			children = (
				92910B7A1AC08D9900574DDA /* da */,
				92910B7B1AC08D9900574DDA /* de */,
				92910B7C1AC08D9900574DDA /* en */,
				92910B7D1AC08D9900574DDA /* es-ES */,
				92910B7E1AC08D9900574DDA /* es */,
				92910B7F1AC08D9900574DDA /* fr */,
				92910B801AC08D9900574DDA /* ja */,
				92910B811AC08D9900574DDA /* pt */,
				92910B961AC08D9900574DDA /* zh-Hans */,
				92910B971AC08D9900574DDA /* zh-Hant */,
			);
			name = SVWebViewController.strings;
			sourceTree = "<group>";
		};
		92DDA51D1AB12C2200B9368C /* Main.storyboard */ = {
			isa = PBXVariantGroup;
			children = (
				92DDA51E1AB12C2200B9368C /* Base */,
			);
			name = Main.storyboard;
			sourceTree = "<group>";
		};
		92DDA5221AB12C2200B9368C /* LaunchScreen.xib */ = {
			isa = PBXVariantGroup;
			children = (
				92DDA5231AB12C2200B9368C /* Base */,
			);
			name = LaunchScreen.xib;
			sourceTree = "<group>";
		};
/* End PBXVariantGroup section */

/* Begin XCBuildConfiguration section */
		92DDA5311AB12C2200B9368C /* Debug */ = {
			isa = XCBuildConfiguration;
			buildSettings = {
				ALWAYS_SEARCH_USER_PATHS = NO;
				CLANG_CXX_LANGUAGE_STANDARD = "gnu++0x";
				CLANG_CXX_LIBRARY = "libc++";
				CLANG_ENABLE_MODULES = YES;
				CLANG_ENABLE_OBJC_ARC = YES;
				CLANG_WARN_BOOL_CONVERSION = YES;
				CLANG_WARN_CONSTANT_CONVERSION = YES;
				CLANG_WARN_DIRECT_OBJC_ISA_USAGE = YES_ERROR;
				CLANG_WARN_EMPTY_BODY = YES;
				CLANG_WARN_ENUM_CONVERSION = YES;
				CLANG_WARN_INT_CONVERSION = YES;
				CLANG_WARN_OBJC_ROOT_CLASS = YES_ERROR;
				CLANG_WARN_UNREACHABLE_CODE = YES;
				CLANG_WARN__DUPLICATE_METHOD_MATCH = YES;
				"CODE_SIGN_IDENTITY[sdk=iphoneos*]" = "iPhone Developer";
				COPY_PHASE_STRIP = NO;
				ENABLE_STRICT_OBJC_MSGSEND = YES;
				GCC_C_LANGUAGE_STANDARD = gnu99;
				GCC_DYNAMIC_NO_PIC = NO;
				GCC_OPTIMIZATION_LEVEL = 0;
				GCC_PREPROCESSOR_DEFINITIONS = (
					"DEBUG=1",
					"$(inherited)",
				);
				GCC_SYMBOLS_PRIVATE_EXTERN = NO;
				GCC_WARN_64_TO_32_BIT_CONVERSION = YES;
				GCC_WARN_ABOUT_RETURN_TYPE = YES_ERROR;
				GCC_WARN_UNDECLARED_SELECTOR = YES;
				GCC_WARN_UNINITIALIZED_AUTOS = YES_AGGRESSIVE;
				GCC_WARN_UNUSED_FUNCTION = YES;
				GCC_WARN_UNUSED_VARIABLE = YES;
				IPHONEOS_DEPLOYMENT_TARGET = 8.1;
				MTL_ENABLE_DEBUG_INFO = YES;
				ONLY_ACTIVE_ARCH = YES;
				SDKROOT = iphoneos;
				SWIFT_OPTIMIZATION_LEVEL = "-Onone";
			};
			name = Debug;
		};
		92DDA5321AB12C2200B9368C /* Release */ = {
			isa = XCBuildConfiguration;
			buildSettings = {
				ALWAYS_SEARCH_USER_PATHS = NO;
				CLANG_CXX_LANGUAGE_STANDARD = "gnu++0x";
				CLANG_CXX_LIBRARY = "libc++";
				CLANG_ENABLE_MODULES = YES;
				CLANG_ENABLE_OBJC_ARC = YES;
				CLANG_WARN_BOOL_CONVERSION = YES;
				CLANG_WARN_CONSTANT_CONVERSION = YES;
				CLANG_WARN_DIRECT_OBJC_ISA_USAGE = YES_ERROR;
				CLANG_WARN_EMPTY_BODY = YES;
				CLANG_WARN_ENUM_CONVERSION = YES;
				CLANG_WARN_INT_CONVERSION = YES;
				CLANG_WARN_OBJC_ROOT_CLASS = YES_ERROR;
				CLANG_WARN_UNREACHABLE_CODE = YES;
				CLANG_WARN__DUPLICATE_METHOD_MATCH = YES;
				"CODE_SIGN_IDENTITY[sdk=iphoneos*]" = "iPhone Developer";
				COPY_PHASE_STRIP = YES;
				ENABLE_NS_ASSERTIONS = NO;
				ENABLE_STRICT_OBJC_MSGSEND = YES;
				GCC_C_LANGUAGE_STANDARD = gnu99;
				GCC_WARN_64_TO_32_BIT_CONVERSION = YES;
				GCC_WARN_ABOUT_RETURN_TYPE = YES_ERROR;
				GCC_WARN_UNDECLARED_SELECTOR = YES;
				GCC_WARN_UNINITIALIZED_AUTOS = YES_AGGRESSIVE;
				GCC_WARN_UNUSED_FUNCTION = YES;
				GCC_WARN_UNUSED_VARIABLE = YES;
				IPHONEOS_DEPLOYMENT_TARGET = 8.1;
				MTL_ENABLE_DEBUG_INFO = NO;
				SDKROOT = iphoneos;
				VALIDATE_PRODUCT = YES;
			};
			name = Release;
		};
		92DDA5341AB12C2200B9368C /* Debug */ = {
			isa = XCBuildConfiguration;
			baseConfigurationReference = 0F2F792AC11E50E586E43C64 /* Pods.debug.xcconfig */;
			buildSettings = {
				ARCHS = "$(ARCHS_STANDARD)";
				ASSETCATALOG_COMPILER_APPICON_NAME = AppIcon;
				CLANG_ENABLE_MODULES = YES;
				FRAMEWORK_SEARCH_PATHS = (
					"$(inherited)",
					/Users/Hova/Documents/FacebookSDK,
					"$(PROJECT_DIR)/parse-library-1.6.3",
				);
				INFOPLIST_FILE = DerbyDaysApp/Info.plist;
				LD_RUNPATH_SEARCH_PATHS = "$(inherited) @executable_path/Frameworks";
				ONLY_ACTIVE_ARCH = YES;
				OTHER_LDFLAGS = (
					"$(inherited)",
					"-ObjC",
					"-l\"Pods-CMDQueryStringSerialization\"",
					"-l\"Pods-SSKeychain\"",
					"-l\"Pods-VENCore\"",
					"-l\"Pods-Venmo-iOS-SDK\"",
					"-framework",
					"\"Foundation\"",
					"-framework",
					"\"Security\"",
					"-force_load",
					"$(BUILT_PRODUCTS_DIR)/libPods-Venmo-iOS-SDK.a",
					"-force_load",
					"$(BUILT_PRODUCTS_DIR)/libPods-VENCore.a",
				);
				"OTHER_LDFLAGS[arch=*]" = (
					"$(inherited)",
					"-ObjC",
					"-l\"Pods-CMDQueryStringSerialization\"",
					"-l\"Pods-SSKeychain\"",
					"-l\"Pods-VENCore\"",
					"-l\"Pods-Venmo-iOS-SDK\"",
					"-framework",
					"\"Foundation\"",
					"-framework",
					"\"Security\"",
				);
				PRODUCT_NAME = "$(TARGET_NAME)";
				SWIFT_OBJC_BRIDGING_HEADER = "DerbyDaysApp-Bridging-Header.h";
				SWIFT_OPTIMIZATION_LEVEL = "-Onone";
				"VALID_ARCHS[sdk=*]" = "arm64 armv7 armv7s";
			};
			name = Debug;
		};
		92DDA5351AB12C2200B9368C /* Release */ = {
			isa = XCBuildConfiguration;
			baseConfigurationReference = 43025E1F86FF36B887E383F4 /* Pods.release.xcconfig */;
			buildSettings = {
				ARCHS = "$(ARCHS_STANDARD)";
				ASSETCATALOG_COMPILER_APPICON_NAME = AppIcon;
				CLANG_ENABLE_MODULES = YES;
				FRAMEWORK_SEARCH_PATHS = (
					"$(inherited)",
					/Users/Hova/Documents/FacebookSDK,
					"$(PROJECT_DIR)/parse-library-1.6.3",
				);
				INFOPLIST_FILE = DerbyDaysApp/Info.plist;
				LD_RUNPATH_SEARCH_PATHS = "$(inherited) @executable_path/Frameworks";
				ONLY_ACTIVE_ARCH = YES;
				OTHER_LDFLAGS = (
					"$(inherited)",
					"-ObjC",
					"-l\"Pods-CMDQueryStringSerialization\"",
					"-l\"Pods-SSKeychain\"",
					"-l\"Pods-VENCore\"",
					"-l\"Pods-Venmo-iOS-SDK\"",
					"-framework",
					"\"Foundation\"",
					"-framework",
					"\"Security\"",
					"-force_load",
					"$(BUILT_PRODUCTS_DIR)/libPods-Venmo-iOS-SDK.a",
					"-force_load",
					"$(BUILT_PRODUCTS_DIR)/libPods-VENCore.a",
				);
				PRODUCT_NAME = "$(TARGET_NAME)";
				SWIFT_OBJC_BRIDGING_HEADER = "DerbyDaysApp-Bridging-Header.h";
			};
			name = Release;
		};
		92DDA5371AB12C2200B9368C /* Debug */ = {
			isa = XCBuildConfiguration;
			buildSettings = {
				BUNDLE_LOADER = "$(TEST_HOST)";
				FRAMEWORK_SEARCH_PATHS = (
					"$(SDKROOT)/Developer/Library/Frameworks",
					"$(inherited)",
				);
				GCC_PREPROCESSOR_DEFINITIONS = (
					"DEBUG=1",
					"$(inherited)",
				);
				INFOPLIST_FILE = DerbyDaysAppTests/Info.plist;
				LD_RUNPATH_SEARCH_PATHS = "$(inherited) @executable_path/Frameworks @loader_path/Frameworks";
				PRODUCT_NAME = "$(TARGET_NAME)";
				TEST_HOST = "$(BUILT_PRODUCTS_DIR)/DerbyDaysApp.app/DerbyDaysApp";
			};
			name = Debug;
		};
		92DDA5381AB12C2200B9368C /* Release */ = {
			isa = XCBuildConfiguration;
			buildSettings = {
				BUNDLE_LOADER = "$(TEST_HOST)";
				FRAMEWORK_SEARCH_PATHS = (
					"$(SDKROOT)/Developer/Library/Frameworks",
					"$(inherited)",
				);
				INFOPLIST_FILE = DerbyDaysAppTests/Info.plist;
				LD_RUNPATH_SEARCH_PATHS = "$(inherited) @executable_path/Frameworks @loader_path/Frameworks";
				PRODUCT_NAME = "$(TARGET_NAME)";
				TEST_HOST = "$(BUILT_PRODUCTS_DIR)/DerbyDaysApp.app/DerbyDaysApp";
			};
			name = Release;
		};
/* End XCBuildConfiguration section */

/* Begin XCConfigurationList section */
		92DDA50D1AB12C2200B9368C /* Build configuration list for PBXProject "DerbyDaysApp" */ = {
			isa = XCConfigurationList;
			buildConfigurations = (
				92DDA5311AB12C2200B9368C /* Debug */,
				92DDA5321AB12C2200B9368C /* Release */,
			);
			defaultConfigurationIsVisible = 0;
			defaultConfigurationName = Release;
		};
		92DDA5331AB12C2200B9368C /* Build configuration list for PBXNativeTarget "DerbyDaysApp" */ = {
			isa = XCConfigurationList;
			buildConfigurations = (
				92DDA5341AB12C2200B9368C /* Debug */,
				92DDA5351AB12C2200B9368C /* Release */,
			);
			defaultConfigurationIsVisible = 0;
			defaultConfigurationName = Release;
		};
		92DDA5361AB12C2200B9368C /* Build configuration list for PBXNativeTarget "DerbyDaysAppTests" */ = {
			isa = XCConfigurationList;
			buildConfigurations = (
				92DDA5371AB12C2200B9368C /* Debug */,
				92DDA5381AB12C2200B9368C /* Release */,
			);
			defaultConfigurationIsVisible = 0;
			defaultConfigurationName = Release;
		};
/* End XCConfigurationList section */
	};
	rootObject = 92DDA50A1AB12C2200B9368C /* Project object */;
}
